// !$*UTF8*$!
{
	archiveVersion = 1;
	classes = {
	};
	objectVersion = 56;
	objects = {

/* Begin PBXBuildFile section */
		70DA2DDE286B41F600C363CA /* SpaceX_ClientApp.swift in Sources */ = {isa = PBXBuildFile; fileRef = 70DA2DDD286B41F600C363CA /* SpaceX_ClientApp.swift */; };
		70DA2DE0286B41F600C363CA /* ContentView.swift in Sources */ = {isa = PBXBuildFile; fileRef = 70DA2DDF286B41F600C363CA /* ContentView.swift */; };
		70DA2DE2286B420300C363CA /* Assets.xcassets in Resources */ = {isa = PBXBuildFile; fileRef = 70DA2DE1286B420300C363CA /* Assets.xcassets */; };
		70DA2DE5286B420300C363CA /* Preview Assets.xcassets in Resources */ = {isa = PBXBuildFile; fileRef = 70DA2DE4286B420300C363CA /* Preview Assets.xcassets */; };
		70DA2DEF286B420300C363CA /* SpaceX_ClientTests.swift in Sources */ = {isa = PBXBuildFile; fileRef = 70DA2DEE286B420300C363CA /* SpaceX_ClientTests.swift */; };
		70DA2DF9286B420300C363CA /* SpaceX_ClientUITests.swift in Sources */ = {isa = PBXBuildFile; fileRef = 70DA2DF8286B420300C363CA /* SpaceX_ClientUITests.swift */; };
		70DA2DFB286B420300C363CA /* SpaceX_ClientUITestsLaunchTests.swift in Sources */ = {isa = PBXBuildFile; fileRef = 70DA2DFA286B420300C363CA /* SpaceX_ClientUITestsLaunchTests.swift */; };
/* End PBXBuildFile section */

/* Begin PBXContainerItemProxy section */
		70DA2DEB286B420300C363CA /* PBXContainerItemProxy */ = {
			isa = PBXContainerItemProxy;
			containerPortal = 70DA2DD2286B41F600C363CA /* Project object */;
			proxyType = 1;
			remoteGlobalIDString = 70DA2DD9286B41F600C363CA;
			remoteInfo = "SpaceX Client";
		};
		70DA2DF5286B420300C363CA /* PBXContainerItemProxy */ = {
			isa = PBXContainerItemProxy;
			containerPortal = 70DA2DD2286B41F600C363CA /* Project object */;
			proxyType = 1;
			remoteGlobalIDString = 70DA2DD9286B41F600C363CA;
			remoteInfo = "SpaceX Client";
		};
/* End PBXContainerItemProxy section */

/* Begin PBXFileReference section */
		70DA2DDA286B41F600C363CA /* SpaceX Client.app */ = {isa = PBXFileReference; explicitFileType = wrapper.application; includeInIndex = 0; path = "SpaceX Client.app"; sourceTree = BUILT_PRODUCTS_DIR; };
		70DA2DDD286B41F600C363CA /* SpaceX_ClientApp.swift */ = {isa = PBXFileReference; lastKnownFileType = sourcecode.swift; path = SpaceX_ClientApp.swift; sourceTree = "<group>"; };
		70DA2DDF286B41F600C363CA /* ContentView.swift */ = {isa = PBXFileReference; lastKnownFileType = sourcecode.swift; path = ContentView.swift; sourceTree = "<group>"; };
		70DA2DE1286B420300C363CA /* Assets.xcassets */ = {isa = PBXFileReference; lastKnownFileType = folder.assetcatalog; path = Assets.xcassets; sourceTree = "<group>"; };
		70DA2DE4286B420300C363CA /* Preview Assets.xcassets */ = {isa = PBXFileReference; lastKnownFileType = folder.assetcatalog; path = "Preview Assets.xcassets"; sourceTree = "<group>"; };
		70DA2DEA286B420300C363CA /* SpaceX ClientTests.xctest */ = {isa = PBXFileReference; explicitFileType = wrapper.cfbundle; includeInIndex = 0; path = "SpaceX ClientTests.xctest"; sourceTree = BUILT_PRODUCTS_DIR; };
		70DA2DEE286B420300C363CA /* SpaceX_ClientTests.swift */ = {isa = PBXFileReference; lastKnownFileType = sourcecode.swift; path = SpaceX_ClientTests.swift; sourceTree = "<group>"; };
		70DA2DF4286B420300C363CA /* SpaceX ClientUITests.xctest */ = {isa = PBXFileReference; explicitFileType = wrapper.cfbundle; includeInIndex = 0; path = "SpaceX ClientUITests.xctest"; sourceTree = BUILT_PRODUCTS_DIR; };
		70DA2DF8286B420300C363CA /* SpaceX_ClientUITests.swift */ = {isa = PBXFileReference; lastKnownFileType = sourcecode.swift; path = SpaceX_ClientUITests.swift; sourceTree = "<group>"; };
		70DA2DFA286B420300C363CA /* SpaceX_ClientUITestsLaunchTests.swift */ = {isa = PBXFileReference; lastKnownFileType = sourcecode.swift; path = SpaceX_ClientUITestsLaunchTests.swift; sourceTree = "<group>"; };
/* End PBXFileReference section */

/* Begin PBXFrameworksBuildPhase section */
		70DA2DD7286B41F600C363CA /* Frameworks */ = {
			isa = PBXFrameworksBuildPhase;
			buildActionMask = 2147483647;
			files = (
			);
			runOnlyForDeploymentPostprocessing = 0;
		};
		70DA2DE7286B420300C363CA /* Frameworks */ = {
			isa = PBXFrameworksBuildPhase;
			buildActionMask = 2147483647;
			files = (
			);
			runOnlyForDeploymentPostprocessing = 0;
		};
		70DA2DF1286B420300C363CA /* Frameworks */ = {
			isa = PBXFrameworksBuildPhase;
			buildActionMask = 2147483647;
			files = (
			);
			runOnlyForDeploymentPostprocessing = 0;
		};
/* End PBXFrameworksBuildPhase section */

/* Begin PBXGroup section */
		70DA2DD1286B41F600C363CA = {
			isa = PBXGroup;
			children = (
				70DA2DDC286B41F600C363CA /* SpaceX Client */,
				70DA2DED286B420300C363CA /* SpaceX ClientTests */,
				70DA2DF7286B420300C363CA /* SpaceX ClientUITests */,
				70DA2DDB286B41F600C363CA /* Products */,
			);
			sourceTree = "<group>";
		};
		70DA2DDB286B41F600C363CA /* Products */ = {
			isa = PBXGroup;
			children = (
				70DA2DDA286B41F600C363CA /* SpaceX Client.app */,
				70DA2DEA286B420300C363CA /* SpaceX ClientTests.xctest */,
				70DA2DF4286B420300C363CA /* SpaceX ClientUITests.xctest */,
			);
			name = Products;
			sourceTree = "<group>";
		};
		70DA2DDC286B41F600C363CA /* SpaceX Client */ = {
			isa = PBXGroup;
			children = (
				70DA2DDD286B41F600C363CA /* SpaceX_ClientApp.swift */,
				70DA2DDF286B41F600C363CA /* ContentView.swift */,
				70DA2DE1286B420300C363CA /* Assets.xcassets */,
				70DA2DE3286B420300C363CA /* Preview Content */,
			);
			path = "SpaceX Client";
			sourceTree = "<group>";
		};
		70DA2DE3286B420300C363CA /* Preview Content */ = {
			isa = PBXGroup;
			children = (
				70DA2DE4286B420300C363CA /* Preview Assets.xcassets */,
			);
			path = "Preview Content";
			sourceTree = "<group>";
		};
		70DA2DED286B420300C363CA /* SpaceX ClientTests */ = {
			isa = PBXGroup;
			children = (
				70DA2DEE286B420300C363CA /* SpaceX_ClientTests.swift */,
			);
			path = "SpaceX ClientTests";
			sourceTree = "<group>";
		};
		70DA2DF7286B420300C363CA /* SpaceX ClientUITests */ = {
			isa = PBXGroup;
			children = (
				70DA2DF8286B420300C363CA /* SpaceX_ClientUITests.swift */,
				70DA2DFA286B420300C363CA /* SpaceX_ClientUITestsLaunchTests.swift */,
			);
			path = "SpaceX ClientUITests";
			sourceTree = "<group>";
		};
/* End PBXGroup section */

/* Begin PBXNativeTarget section */
		70DA2DD9286B41F600C363CA /* SpaceX Client */ = {
			isa = PBXNativeTarget;
			buildConfigurationList = 70DA2DFE286B420300C363CA /* Build configuration list for PBXNativeTarget "SpaceX Client" */;
			buildPhases = (
				70DA2DD6286B41F600C363CA /* Sources */,
				70DA2DD7286B41F600C363CA /* Frameworks */,
				70DA2DD8286B41F600C363CA /* Resources */,
			);
			buildRules = (
			);
			dependencies = (
			);
			name = "SpaceX Client";
			productName = "SpaceX Client";
			productReference = 70DA2DDA286B41F600C363CA /* SpaceX Client.app */;
			productType = "com.apple.product-type.application";
		};
		70DA2DE9286B420300C363CA /* SpaceX ClientTests */ = {
			isa = PBXNativeTarget;
			buildConfigurationList = 70DA2E01286B420300C363CA /* Build configuration list for PBXNativeTarget "SpaceX ClientTests" */;
			buildPhases = (
				70DA2DE6286B420300C363CA /* Sources */,
				70DA2DE7286B420300C363CA /* Frameworks */,
				70DA2DE8286B420300C363CA /* Resources */,
			);
			buildRules = (
			);
			dependencies = (
				70DA2DEC286B420300C363CA /* PBXTargetDependency */,
			);
			name = "SpaceX ClientTests";
			productName = "SpaceX ClientTests";
			productReference = 70DA2DEA286B420300C363CA /* SpaceX ClientTests.xctest */;
			productType = "com.apple.product-type.bundle.unit-test";
		};
		70DA2DF3286B420300C363CA /* SpaceX ClientUITests */ = {
			isa = PBXNativeTarget;
			buildConfigurationList = 70DA2E04286B420300C363CA /* Build configuration list for PBXNativeTarget "SpaceX ClientUITests" */;
			buildPhases = (
				70DA2DF0286B420300C363CA /* Sources */,
				70DA2DF1286B420300C363CA /* Frameworks */,
				70DA2DF2286B420300C363CA /* Resources */,
			);
			buildRules = (
			);
			dependencies = (
				70DA2DF6286B420300C363CA /* PBXTargetDependency */,
			);
			name = "SpaceX ClientUITests";
			productName = "SpaceX ClientUITests";
			productReference = 70DA2DF4286B420300C363CA /* SpaceX ClientUITests.xctest */;
			productType = "com.apple.product-type.bundle.ui-testing";
		};
/* End PBXNativeTarget section */

/* Begin PBXProject section */
		70DA2DD2286B41F600C363CA /* Project object */ = {
			isa = PBXProject;
			attributes = {
				BuildIndependentTargetsInParallel = 1;
				LastSwiftUpdateCheck = 1400;
				LastUpgradeCheck = 1400;
				TargetAttributes = {
					70DA2DD9286B41F600C363CA = {
						CreatedOnToolsVersion = 14.0;
					};
					70DA2DE9286B420300C363CA = {
						CreatedOnToolsVersion = 14.0;
						TestTargetID = 70DA2DD9286B41F600C363CA;
					};
					70DA2DF3286B420300C363CA = {
						CreatedOnToolsVersion = 14.0;
						TestTargetID = 70DA2DD9286B41F600C363CA;
					};
				};
			};
			buildConfigurationList = 70DA2DD5286B41F600C363CA /* Build configuration list for PBXProject "SpaceX Client" */;
			compatibilityVersion = "Xcode 14.0";
			developmentRegion = en;
			hasScannedForEncodings = 0;
			knownRegions = (
				en,
				Base,
			);
			mainGroup = 70DA2DD1286B41F600C363CA;
			productRefGroup = 70DA2DDB286B41F600C363CA /* Products */;
			projectDirPath = "";
			projectRoot = "";
			targets = (
				70DA2DD9286B41F600C363CA /* SpaceX Client */,
				70DA2DE9286B420300C363CA /* SpaceX ClientTests */,
				70DA2DF3286B420300C363CA /* SpaceX ClientUITests */,
			);
		};
/* End PBXProject section */

/* Begin PBXResourcesBuildPhase section */
		70DA2DD8286B41F600C363CA /* Resources */ = {
			isa = PBXResourcesBuildPhase;
			buildActionMask = 2147483647;
			files = (
				70DA2DE5286B420300C363CA /* Preview Assets.xcassets in Resources */,
				70DA2DE2286B420300C363CA /* Assets.xcassets in Resources */,
			);
			runOnlyForDeploymentPostprocessing = 0;
		};
		70DA2DE8286B420300C363CA /* Resources */ = {
			isa = PBXResourcesBuildPhase;
			buildActionMask = 2147483647;
			files = (
			);
			runOnlyForDeploymentPostprocessing = 0;
		};
		70DA2DF2286B420300C363CA /* Resources */ = {
			isa = PBXResourcesBuildPhase;
			buildActionMask = 2147483647;
			files = (
			);
			runOnlyForDeploymentPostprocessing = 0;
		};
/* End PBXResourcesBuildPhase section */

/* Begin PBXSourcesBuildPhase section */
		70DA2DD6286B41F600C363CA /* Sources */ = {
			isa = PBXSourcesBuildPhase;
			buildActionMask = 2147483647;
			files = (
				70DA2DE0286B41F600C363CA /* ContentView.swift in Sources */,
				70DA2DDE286B41F600C363CA /* SpaceX_ClientApp.swift in Sources */,
			);
			runOnlyForDeploymentPostprocessing = 0;
		};
		70DA2DE6286B420300C363CA /* Sources */ = {
			isa = PBXSourcesBuildPhase;
			buildActionMask = 2147483647;
			files = (
				70DA2DEF286B420300C363CA /* SpaceX_ClientTests.swift in Sources */,
			);
			runOnlyForDeploymentPostprocessing = 0;
		};
		70DA2DF0286B420300C363CA /* Sources */ = {
			isa = PBXSourcesBuildPhase;
			buildActionMask = 2147483647;
			files = (
				70DA2DF9286B420300C363CA /* SpaceX_ClientUITests.swift in Sources */,
				70DA2DFB286B420300C363CA /* SpaceX_ClientUITestsLaunchTests.swift in Sources */,
			);
			runOnlyForDeploymentPostprocessing = 0;
		};
/* End PBXSourcesBuildPhase section */

/* Begin PBXTargetDependency section */
		70DA2DEC286B420300C363CA /* PBXTargetDependency */ = {
			isa = PBXTargetDependency;
			target = 70DA2DD9286B41F600C363CA /* SpaceX Client */;
			targetProxy = 70DA2DEB286B420300C363CA /* PBXContainerItemProxy */;
		};
		70DA2DF6286B420300C363CA /* PBXTargetDependency */ = {
			isa = PBXTargetDependency;
			target = 70DA2DD9286B41F600C363CA /* SpaceX Client */;
			targetProxy = 70DA2DF5286B420300C363CA /* PBXContainerItemProxy */;
		};
/* End PBXTargetDependency section */

/* Begin XCBuildConfiguration section */
		70DA2DFC286B420300C363CA /* Debug */ = {
			isa = XCBuildConfiguration;
			buildSettings = {
				ALWAYS_SEARCH_USER_PATHS = NO;
				CLANG_ANALYZER_NONNULL = YES;
				CLANG_ANALYZER_NUMBER_OBJECT_CONVERSION = YES_AGGRESSIVE;
				CLANG_CXX_LANGUAGE_STANDARD = "gnu++17";
				CLANG_ENABLE_MODULES = YES;
				CLANG_ENABLE_OBJC_ARC = YES;
				CLANG_ENABLE_OBJC_WEAK = YES;
				CLANG_WARN_BLOCK_CAPTURE_AUTORELEASING = YES;
				CLANG_WARN_BOOL_CONVERSION = YES;
				CLANG_WARN_COMMA = YES;
				CLANG_WARN_CONSTANT_CONVERSION = YES;
				CLANG_WARN_DEPRECATED_OBJC_IMPLEMENTATIONS = YES;
				CLANG_WARN_DIRECT_OBJC_ISA_USAGE = YES_ERROR;
				CLANG_WARN_DOCUMENTATION_COMMENTS = YES;
				CLANG_WARN_EMPTY_BODY = YES;
				CLANG_WARN_ENUM_CONVERSION = YES;
				CLANG_WARN_INFINITE_RECURSION = YES;
				CLANG_WARN_INT_CONVERSION = YES;
				CLANG_WARN_NON_LITERAL_NULL_CONVERSION = YES;
				CLANG_WARN_OBJC_IMPLICIT_RETAIN_SELF = YES;
				CLANG_WARN_OBJC_LITERAL_CONVERSION = YES;
				CLANG_WARN_OBJC_ROOT_CLASS = YES_ERROR;
				CLANG_WARN_QUOTED_INCLUDE_IN_FRAMEWORK_HEADER = YES;
				CLANG_WARN_RANGE_LOOP_ANALYSIS = YES;
				CLANG_WARN_STRICT_PROTOTYPES = YES;
				CLANG_WARN_SUSPICIOUS_MOVE = YES;
				CLANG_WARN_UNGUARDED_AVAILABILITY = YES_AGGRESSIVE;
				CLANG_WARN_UNREACHABLE_CODE = YES;
				CLANG_WARN__DUPLICATE_METHOD_MATCH = YES;
				COPY_PHASE_STRIP = NO;
				DEBUG_INFORMATION_FORMAT = dwarf;
				ENABLE_STRICT_OBJC_MSGSEND = YES;
				ENABLE_TESTABILITY = YES;
				GCC_C_LANGUAGE_STANDARD = gnu11;
				GCC_DYNAMIC_NO_PIC = NO;
				GCC_NO_COMMON_BLOCKS = YES;
				GCC_OPTIMIZATION_LEVEL = 0;
				GCC_PREPROCESSOR_DEFINITIONS = (
					"DEBUG=1",
					"$(inherited)",
				);
				GCC_WARN_64_TO_32_BIT_CONVERSION = YES;
				GCC_WARN_ABOUT_RETURN_TYPE = YES_ERROR;
				GCC_WARN_UNDECLARED_SELECTOR = YES;
				GCC_WARN_UNINITIALIZED_AUTOS = YES_AGGRESSIVE;
				GCC_WARN_UNUSED_FUNCTION = YES;
				GCC_WARN_UNUSED_VARIABLE = YES;
				IPHONEOS_DEPLOYMENT_TARGET = 16.0;
				MTL_ENABLE_DEBUG_INFO = INCLUDE_SOURCE;
				MTL_FAST_MATH = YES;
				ONLY_ACTIVE_ARCH = YES;
				SDKROOT = iphoneos;
				SWIFT_ACTIVE_COMPILATION_CONDITIONS = DEBUG;
				SWIFT_OPTIMIZATION_LEVEL = "-Onone";
			};
			name = Debug;
		};
		70DA2DFD286B420300C363CA /* Release */ = {
			isa = XCBuildConfiguration;
			buildSettings = {
				ALWAYS_SEARCH_USER_PATHS = NO;
				CLANG_ANALYZER_NONNULL = YES;
				CLANG_ANALYZER_NUMBER_OBJECT_CONVERSION = YES_AGGRESSIVE;
				CLANG_CXX_LANGUAGE_STANDARD = "gnu++17";
				CLANG_ENABLE_MODULES = YES;
				CLANG_ENABLE_OBJC_ARC = YES;
				CLANG_ENABLE_OBJC_WEAK = YES;
				CLANG_WARN_BLOCK_CAPTURE_AUTORELEASING = YES;
				CLANG_WARN_BOOL_CONVERSION = YES;
				CLANG_WARN_COMMA = YES;
				CLANG_WARN_CONSTANT_CONVERSION = YES;
				CLANG_WARN_DEPRECATED_OBJC_IMPLEMENTATIONS = YES;
				CLANG_WARN_DIRECT_OBJC_ISA_USAGE = YES_ERROR;
				CLANG_WARN_DOCUMENTATION_COMMENTS = YES;
				CLANG_WARN_EMPTY_BODY = YES;
				CLANG_WARN_ENUM_CONVERSION = YES;
				CLANG_WARN_INFINITE_RECURSION = YES;
				CLANG_WARN_INT_CONVERSION = YES;
				CLANG_WARN_NON_LITERAL_NULL_CONVERSION = YES;
				CLANG_WARN_OBJC_IMPLICIT_RETAIN_SELF = YES;
				CLANG_WARN_OBJC_LITERAL_CONVERSION = YES;
				CLANG_WARN_OBJC_ROOT_CLASS = YES_ERROR;
				CLANG_WARN_QUOTED_INCLUDE_IN_FRAMEWORK_HEADER = YES;
				CLANG_WARN_RANGE_LOOP_ANALYSIS = YES;
				CLANG_WARN_STRICT_PROTOTYPES = YES;
				CLANG_WARN_SUSPICIOUS_MOVE = YES;
				CLANG_WARN_UNGUARDED_AVAILABILITY = YES_AGGRESSIVE;
				CLANG_WARN_UNREACHABLE_CODE = YES;
				CLANG_WARN__DUPLICATE_METHOD_MATCH = YES;
				COPY_PHASE_STRIP = NO;
				DEBUG_INFORMATION_FORMAT = "dwarf-with-dsym";
				ENABLE_NS_ASSERTIONS = NO;
				ENABLE_STRICT_OBJC_MSGSEND = YES;
				GCC_C_LANGUAGE_STANDARD = gnu11;
				GCC_NO_COMMON_BLOCKS = YES;
				GCC_WARN_64_TO_32_BIT_CONVERSION = YES;
				GCC_WARN_ABOUT_RETURN_TYPE = YES_ERROR;
				GCC_WARN_UNDECLARED_SELECTOR = YES;
				GCC_WARN_UNINITIALIZED_AUTOS = YES_AGGRESSIVE;
				GCC_WARN_UNUSED_FUNCTION = YES;
				GCC_WARN_UNUSED_VARIABLE = YES;
				IPHONEOS_DEPLOYMENT_TARGET = 16.0;
				MTL_ENABLE_DEBUG_INFO = NO;
				MTL_FAST_MATH = YES;
				SDKROOT = iphoneos;
				SWIFT_COMPILATION_MODE = wholemodule;
				SWIFT_OPTIMIZATION_LEVEL = "-O";
				VALIDATE_PRODUCT = YES;
			};
			name = Release;
		};
		70DA2DFF286B420300C363CA /* Debug */ = {
			isa = XCBuildConfiguration;
			buildSettings = {
				ASSETCATALOG_COMPILER_APPICON_NAME = AppIcon;
				ASSETCATALOG_COMPILER_GLOBAL_ACCENT_COLOR_NAME = AccentColor;
				CODE_SIGN_STYLE = Automatic;
				CURRENT_PROJECT_VERSION = 1;
				DEVELOPMENT_ASSET_PATHS = "\"SpaceX Client/Preview Content\"";
				DEVELOPMENT_TEAM = 4729388PSM;
				ENABLE_PREVIEWS = YES;
				GENERATE_INFOPLIST_FILE = YES;
				INFOPLIST_KEY_UIApplicationSceneManifest_Generation = YES;
				INFOPLIST_KEY_UIApplicationSupportsIndirectInputEvents = YES;
				INFOPLIST_KEY_UILaunchScreen_Generation = YES;
				INFOPLIST_KEY_UISupportedInterfaceOrientations_iPad = "UIInterfaceOrientationPortrait UIInterfaceOrientationPortraitUpsideDown UIInterfaceOrientationLandscapeLeft UIInterfaceOrientationLandscapeRight";
				INFOPLIST_KEY_UISupportedInterfaceOrientations_iPhone = "UIInterfaceOrientationPortrait UIInterfaceOrientationLandscapeLeft UIInterfaceOrientationLandscapeRight";
				LD_RUNPATH_SEARCH_PATHS = (
					"$(inherited)",
					"@executable_path/Frameworks",
				);
				MARKETING_VERSION = 1.0;
				PRODUCT_BUNDLE_IDENTIFIER = "dev.swiftalec.SpaceX-Client";
				PRODUCT_NAME = "$(TARGET_NAME)";
				SWIFT_EMIT_LOC_STRINGS = YES;
				SWIFT_VERSION = 5.0;
				TARGETED_DEVICE_FAMILY = "1,2";
			};
			name = Debug;
		};
		70DA2E00286B420300C363CA /* Release */ = {
			isa = XCBuildConfiguration;
			buildSettings = {
				ASSETCATALOG_COMPILER_APPICON_NAME = AppIcon;
				ASSETCATALOG_COMPILER_GLOBAL_ACCENT_COLOR_NAME = AccentColor;
				CODE_SIGN_STYLE = Automatic;
				CURRENT_PROJECT_VERSION = 1;
				DEVELOPMENT_ASSET_PATHS = "\"SpaceX Client/Preview Content\"";
				DEVELOPMENT_TEAM = 4729388PSM;
				ENABLE_PREVIEWS = YES;
				GENERATE_INFOPLIST_FILE = YES;
				INFOPLIST_KEY_UIApplicationSceneManifest_Generation = YES;
				INFOPLIST_KEY_UIApplicationSupportsIndirectInputEvents = YES;
				INFOPLIST_KEY_UILaunchScreen_Generation = YES;
				INFOPLIST_KEY_UISupportedInterfaceOrientations_iPad = "UIInterfaceOrientationPortrait UIInterfaceOrientationPortraitUpsideDown UIInterfaceOrientationLandscapeLeft UIInterfaceOrientationLandscapeRight";
				INFOPLIST_KEY_UISupportedInterfaceOrientations_iPhone = "UIInterfaceOrientationPortrait UIInterfaceOrientationLandscapeLeft UIInterfaceOrientationLandscapeRight";
				LD_RUNPATH_SEARCH_PATHS = (
					"$(inherited)",
					"@executable_path/Frameworks",
				);
				MARKETING_VERSION = 1.0;
				PRODUCT_BUNDLE_IDENTIFIER = "dev.swiftalec.SpaceX-Client";
				PRODUCT_NAME = "$(TARGET_NAME)";
				SWIFT_EMIT_LOC_STRINGS = YES;
				SWIFT_VERSION = 5.0;
				TARGETED_DEVICE_FAMILY = "1,2";
			};
			name = Release;
		};
		70DA2E02286B420300C363CA /* Debug */ = {
			isa = XCBuildConfiguration;
			buildSettings = {
				ALWAYS_EMBED_SWIFT_STANDARD_LIBRARIES = YES;
				BUNDLE_LOADER = "$(TEST_HOST)";
				CODE_SIGN_STYLE = Automatic;
				CURRENT_PROJECT_VERSION = 1;
				DEVELOPMENT_TEAM = 4729388PSM;
				GENERATE_INFOPLIST_FILE = YES;
				IPHONEOS_DEPLOYMENT_TARGET = 16.0;
				MARKETING_VERSION = 1.0;
				PRODUCT_BUNDLE_IDENTIFIER = "dev.swiftalec.SpaceX-ClientTests";
				PRODUCT_NAME = "$(TARGET_NAME)";
				SWIFT_EMIT_LOC_STRINGS = NO;
				SWIFT_VERSION = 5.0;
				TARGETED_DEVICE_FAMILY = "1,2";
				TEST_HOST = "$(BUILT_PRODUCTS_DIR)/SpaceX Client.app/$(BUNDLE_EXECUTABLE_FOLDER_PATH)/SpaceX Client";
			};
			name = Debug;
		};
		70DA2E03286B420300C363CA /* Release */ = {
			isa = XCBuildConfiguration;
			buildSettings = {
				ALWAYS_EMBED_SWIFT_STANDARD_LIBRARIES = YES;
				BUNDLE_LOADER = "$(TEST_HOST)";
				CODE_SIGN_STYLE = Automatic;
				CURRENT_PROJECT_VERSION = 1;
				DEVELOPMENT_TEAM = 4729388PSM;
				GENERATE_INFOPLIST_FILE = YES;
				IPHONEOS_DEPLOYMENT_TARGET = 16.0;
				MARKETING_VERSION = 1.0;
				PRODUCT_BUNDLE_IDENTIFIER = "dev.swiftalec.SpaceX-ClientTests";
				PRODUCT_NAME = "$(TARGET_NAME)";
				SWIFT_EMIT_LOC_STRINGS = NO;
				SWIFT_VERSION = 5.0;
				TARGETED_DEVICE_FAMILY = "1,2";
				TEST_HOST = "$(BUILT_PRODUCTS_DIR)/SpaceX Client.app/$(BUNDLE_EXECUTABLE_FOLDER_PATH)/SpaceX Client";
			};
			name = Release;
		};
		70DA2E05286B420300C363CA /* Debug */ = {
			isa = XCBuildConfiguration;
			buildSettings = {
				ALWAYS_EMBED_SWIFT_STANDARD_LIBRARIES = YES;
				CODE_SIGN_STYLE = Automatic;
				CURRENT_PROJECT_VERSION = 1;
				DEVELOPMENT_TEAM = 4729388PSM;
				GENERATE_INFOPLIST_FILE = YES;
				MARKETING_VERSION = 1.0;
				PRODUCT_BUNDLE_IDENTIFIER = "dev.swiftalec.SpaceX-ClientUITests";
				PRODUCT_NAME = "$(TARGET_NAME)";
				SWIFT_EMIT_LOC_STRINGS = NO;
				SWIFT_VERSION = 5.0;
				TARGETED_DEVICE_FAMILY = "1,2";
				TEST_TARGET_NAME = "SpaceX Client";
			};
			name = Debug;
		};
		70DA2E06286B420300C363CA /* Release */ = {
			isa = XCBuildConfiguration;
			buildSettings = {
				ALWAYS_EMBED_SWIFT_STANDARD_LIBRARIES = YES;
				CODE_SIGN_STYLE = Automatic;
				CURRENT_PROJECT_VERSION = 1;
				DEVELOPMENT_TEAM = 4729388PSM;
				GENERATE_INFOPLIST_FILE = YES;
				MARKETING_VERSION = 1.0;
				PRODUCT_BUNDLE_IDENTIFIER = "dev.swiftalec.SpaceX-ClientUITests";
				PRODUCT_NAME = "$(TARGET_NAME)";
				SWIFT_EMIT_LOC_STRINGS = NO;
				SWIFT_VERSION = 5.0;
				TARGETED_DEVICE_FAMILY = "1,2";
				TEST_TARGET_NAME = "SpaceX Client";
			};
			name = Release;
		};
/* End XCBuildConfiguration section */

/* Begin XCConfigurationList section */
		70DA2DD5286B41F600C363CA /* Build configuration list for PBXProject "SpaceX Client" */ = {
			isa = XCConfigurationList;
			buildConfigurations = (
				70DA2DFC286B420300C363CA /* Debug */,
				70DA2DFD286B420300C363CA /* Release */,
			);
			defaultConfigurationIsVisible = 0;
			defaultConfigurationName = Release;
		};
		70DA2DFE286B420300C363CA /* Build configuration list for PBXNativeTarget "SpaceX Client" */ = {
			isa = XCConfigurationList;
			buildConfigurations = (
				70DA2DFF286B420300C363CA /* Debug */,
				70DA2E00286B420300C363CA /* Release */,
			);
			defaultConfigurationIsVisible = 0;
			defaultConfigurationName = Release;
		};
		70DA2E01286B420300C363CA /* Build configuration list for PBXNativeTarget "SpaceX ClientTests" */ = {
			isa = XCConfigurationList;
			buildConfigurations = (
				70DA2E02286B420300C363CA /* Debug */,
				70DA2E03286B420300C363CA /* Release */,
			);
			defaultConfigurationIsVisible = 0;
			defaultConfigurationName = Release;
		};
		70DA2E04286B420300C363CA /* Build configuration list for PBXNativeTarget "SpaceX ClientUITests" */ = {
			isa = XCConfigurationList;
			buildConfigurations = (
				70DA2E05286B420300C363CA /* Debug */,
				70DA2E06286B420300C363CA /* Release */,
			);
			defaultConfigurationIsVisible = 0;
			defaultConfigurationName = Release;
		};
/* End XCConfigurationList section */
	};
	rootObject = 70DA2DD2286B41F600C363CA /* Project object */;
}
